
Microsoft Visual Studio Solution File, Format Version 12.00
# Visual Studio Version 17
VisualStudioVersion = 17.5.002.0
MinimumVisualStudioVersion = 10.0.40219.1
Project("{9A19103F-16F7-4668-BE54-9A1E7A4F7556}") = "BlazingPizza", "BlazingPizza.csproj", "{AE0C9239-8F52-4C4B-A01C-A68E9F005A64}"
EndProject
Global
	GlobalSection(SolutionConfigurationPlatforms) = preSolution
		Debug|Any CPU = Debug|Any CPU
		Release|Any CPU = Release|Any CPU
	EndGlobalSection
	GlobalSection(ProjectConfigurationPlatforms) = postSolution
		{AE0C9239-8F52-4C4B-A01C-A68E9F005A64}.Debug|Any CPU.ActiveCfg = Debug|Any CPU
		{AE0C9239-8F52-4C4B-A01C-A68E9F005A64}.Debug|Any CPU.Build.0 = Debug|Any CPU
		{AE0C9239-8F52-4C4B-A01C-A68E9F005A64}.Release|Any CPU.ActiveCfg = Release|Any CPU
		{AE0C9239-8F52-4C4B-A01C-A68E9F005A64}.Release|Any CPU.Build.0 = Release|Any CPU
	EndGlobalSection
	GlobalSection(SolutionProperties) = preSolution
		HideSolutionNode = FALSE
	EndGlobalSection
	GlobalSection(ExtensibilityGlobals) = postSolution
		SolutionGuid = {61CC4852-A679-4551-8C80-1FEBD6BB2637}
	EndGlobalSection
EndGlobal
